
Microsoft Visual Studio Solution File, Format Version 12.00
# Visual Studio Version 17
VisualStudioVersion = 17.8.34408.163
MinimumVisualStudioVersion = 10.0.40219.1
Project("{FAE04EC0-301F-11D3-BF4B-00C04F79EFBC}") = "evaluacion_diagnostica", "evaluacion_diagnostica.csproj", "{37948AFA-44B0-44F9-B714-2416B1AA8BCD}"
EndProject
Global
	GlobalSection(SolutionConfigurationPlatforms) = preSolution
		Debug|Any CPU = Debug|Any CPU
		Release|Any CPU = Release|Any CPU
	EndGlobalSection
	GlobalSection(ProjectConfigurationPlatforms) = postSolution
		{37948AFA-44B0-44F9-B714-2416B1AA8BCD}.Debug|Any CPU.ActiveCfg = Debug|Any CPU
		{37948AFA-44B0-44F9-B714-2416B1AA8BCD}.Debug|Any CPU.Build.0 = Debug|Any CPU
		{37948AFA-44B0-44F9-B714-2416B1AA8BCD}.Release|Any CPU.ActiveCfg = Release|Any CPU
		{37948AFA-44B0-44F9-B714-2416B1AA8BCD}.Release|Any CPU.Build.0 = Release|Any CPU
	EndGlobalSection
	GlobalSection(SolutionProperties) = preSolution
		HideSolutionNode = FALSE
	EndGlobalSection
	GlobalSection(ExtensibilityGlobals) = postSolution
		SolutionGuid = {35B76782-06AE-433C-B964-DF7420436D79}
	EndGlobalSection
EndGlobal
